
Microsoft Visual Studio Solution File, Format Version 12.00
# Visual Studio 15
VisualStudioVersion = 15.0.28307.106
MinimumVisualStudioVersion = 10.0.40219.1
Project("{FAE04EC0-301F-11D3-BF4B-00C04F79EFBC}") = "PairsOfElementsThatAreEqualToANumber", "PairsOfElementsThatAreEqualToANumber\PairsOfElementsThatAreEqualToANumber.csproj", "{03AAC8D0-2D25-4919-A670-BB78CA8B5527}"
EndProject
Global
	GlobalSection(SolutionConfigurationPlatforms) = preSolution
		Debug|Any CPU = Debug|Any CPU
		Release|Any CPU = Release|Any CPU
	EndGlobalSection
	GlobalSection(ProjectConfigurationPlatforms) = postSolution
		{03AAC8D0-2D25-4919-A670-BB78CA8B5527}.Debug|Any CPU.ActiveCfg = Debug|Any CPU
		{03AAC8D0-2D25-4919-A670-BB78CA8B5527}.Debug|Any CPU.Build.0 = Debug|Any CPU
		{03AAC8D0-2D25-4919-A670-BB78CA8B5527}.Release|Any CPU.ActiveCfg = Release|Any CPU
		{03AAC8D0-2D25-4919-A670-BB78CA8B5527}.Release|Any CPU.Build.0 = Release|Any CPU
	EndGlobalSection
	GlobalSection(SolutionProperties) = preSolution
		HideSolutionNode = FALSE
	EndGlobalSection
	GlobalSection(ExtensibilityGlobals) = postSolution
		SolutionGuid = {C1F531D5-DB2B-4033-B742-B78E25D517A5}
	EndGlobalSection
EndGlobal
